
Microsoft Visual Studio Solution File, Format Version 12.00
# Visual Studio Version 17
VisualStudioVersion = 17.3.32819.101
MinimumVisualStudioVersion = 10.0.40219.1
Project("{9A19103F-16F7-4668-BE54-9A1E7A4F7556}") = "MVVM", "MVVM\MVVM.csproj", "{E52E29E4-B174-4851-A71F-347B09A51BA2}"
EndProject
Project("{2150E333-8FDC-42A3-9474-1A3956D46DE8}") = "Порождающие шаблоны", "Порождающие шаблоны", "{4692B606-BA50-464B-A917-6E9CA1D39401}"
EndProject
Project("{9A19103F-16F7-4668-BE54-9A1E7A4F7556}") = "Фабричный метод (Factory Method)", "Фабричный метод (Factory Method)\Фабричный метод (Factory Method).csproj", "{5B498DDF-BC56-4F43-B136-A95ADBEE43CC}"
EndProject
Project("{9A19103F-16F7-4668-BE54-9A1E7A4F7556}") = "Абстрактная фабрика (Abstract Factory)", "Абстрактная фабрика (Abstract Factory)\Абстрактная фабрика (Abstract Factory).csproj", "{A80CBA2A-C79E-4584-99DA-3F2A32FBB3BA}"
EndProject
Project("{9A19103F-16F7-4668-BE54-9A1E7A4F7556}") = "Одиночка (Singleton)", "Одиночка (Singleton)\Одиночка (Singleton).csproj", "{16BD3144-0BDA-4AA1-945A-6E2D1E95F41F}"
EndProject
Project("{9A19103F-16F7-4668-BE54-9A1E7A4F7556}") = "Прототип (Prototype)", "Прототип (Prototype)\Прототип (Prototype).csproj", "{48906C44-C7BD-445A-9B90-94BA3F647764}"
EndProject
Project("{9A19103F-16F7-4668-BE54-9A1E7A4F7556}") = "Строитель (Builder)", "Строитель (Builder)\Строитель (Builder).csproj", "{400BEAAF-DC17-4E37-AC26-55731F1D93DD}"
EndProject
Project("{2150E333-8FDC-42A3-9474-1A3956D46DE8}") = "Поведенческие шаблоны", "Поведенческие шаблоны", "{09A25520-45BC-462D-976A-4DB7A9C47DF7}"
EndProject
Project("{9A19103F-16F7-4668-BE54-9A1E7A4F7556}") = "Стратегия (Strategy)", "Стратегия (Strategy)\Стратегия (Strategy).csproj", "{D83D03E7-DD47-4DF6-853D-CD18E3F7A7A9}"
EndProject
Project("{9A19103F-16F7-4668-BE54-9A1E7A4F7556}") = "Наблюдатель (Observer)", "Наблюдатель (Observer)\Наблюдатель (Observer).csproj", "{D771AA73-A0DA-4EE4-AF3C-D23836DC4C30}"
EndProject
Project("{9A19103F-16F7-4668-BE54-9A1E7A4F7556}") = "Команда (Command)", "Команда (Command)\Команда (Command).csproj", "{8F18236D-4E90-4C49-B64A-AE35CA09B914}"
EndProject
Project("{9A19103F-16F7-4668-BE54-9A1E7A4F7556}") = "Шаблонный метод (Template Method)", "Шаблонный метод (Template Method)\Шаблонный метод (Template Method).csproj", "{A55EAC97-667D-48ED-B450-59EC18C4A30B}"
EndProject
Project("{9A19103F-16F7-4668-BE54-9A1E7A4F7556}") = "Состояние (State)", "Состояние (State)\Состояние (State).csproj", "{9DFA5558-E24D-4ED2-9A36-C90E307E144E}"
EndProject
Project("{9A19103F-16F7-4668-BE54-9A1E7A4F7556}") = "Цепочка Обязанностей (Chain of responsibility)", "Цепочка Обязанностей (Chain of responsibility)\Цепочка Обязанностей (Chain of responsibility).csproj", "{BC2B65F2-CAC1-4447-8F7C-A2D9F685ABC8}"
EndProject
Project("{9A19103F-16F7-4668-BE54-9A1E7A4F7556}") = "Интерпретатор (Interpreter)", "Интерпретатор (Interpreter)\Интерпретатор (Interpreter).csproj", "{D89FC638-450A-40D2-9D89-99F1EBDDC61A}"
EndProject
Project("{9A19103F-16F7-4668-BE54-9A1E7A4F7556}") = "Посредник (Mediator)", "Посредник (Mediator)\Посредник (Mediator).csproj", "{DE8BFDB5-9DEB-467D-B680-CE584BB938ED}"
EndProject
Project("{9A19103F-16F7-4668-BE54-9A1E7A4F7556}") = "Хранитель (Memento)", "Хранитель (Memento)\Хранитель (Memento).csproj", "{1D983180-90F4-46E7-B986-24437F10A526}"
EndProject
Project("{9A19103F-16F7-4668-BE54-9A1E7A4F7556}") = "Посетитель (Visitor)", "Посетитель (Visitor)\Посетитель (Visitor).csproj", "{F8637956-4CA7-4D49-91C2-B54183471BC9}"
EndProject
Project("{2150E333-8FDC-42A3-9474-1A3956D46DE8}") = "Структурные шаблоны", "Структурные шаблоны", "{1A82A1FF-86D3-443C-AEC5-FEE52AEC0080}"
EndProject
Project("{FAE04EC0-301F-11D3-BF4B-00C04F79EFBC}") = "Декоратор (Decorator)", "Декоратор (Decorator)\Декоратор (Decorator).csproj", "{C88B5D5C-935A-45D9-A420-EFE080853328}"
EndProject
Global
	GlobalSection(SolutionConfigurationPlatforms) = preSolution
		Debug|Any CPU = Debug|Any CPU
		Release|Any CPU = Release|Any CPU
	EndGlobalSection
	GlobalSection(ProjectConfigurationPlatforms) = postSolution
		{E52E29E4-B174-4851-A71F-347B09A51BA2}.Debug|Any CPU.ActiveCfg = Debug|Any CPU
		{E52E29E4-B174-4851-A71F-347B09A51BA2}.Debug|Any CPU.Build.0 = Debug|Any CPU
		{E52E29E4-B174-4851-A71F-347B09A51BA2}.Release|Any CPU.ActiveCfg = Release|Any CPU
		{E52E29E4-B174-4851-A71F-347B09A51BA2}.Release|Any CPU.Build.0 = Release|Any CPU
		{5B498DDF-BC56-4F43-B136-A95ADBEE43CC}.Debug|Any CPU.ActiveCfg = Debug|Any CPU
		{5B498DDF-BC56-4F43-B136-A95ADBEE43CC}.Debug|Any CPU.Build.0 = Debug|Any CPU
		{5B498DDF-BC56-4F43-B136-A95ADBEE43CC}.Release|Any CPU.ActiveCfg = Release|Any CPU
		{5B498DDF-BC56-4F43-B136-A95ADBEE43CC}.Release|Any CPU.Build.0 = Release|Any CPU
		{A80CBA2A-C79E-4584-99DA-3F2A32FBB3BA}.Debug|Any CPU.ActiveCfg = Debug|Any CPU
		{A80CBA2A-C79E-4584-99DA-3F2A32FBB3BA}.Debug|Any CPU.Build.0 = Debug|Any CPU
		{A80CBA2A-C79E-4584-99DA-3F2A32FBB3BA}.Release|Any CPU.ActiveCfg = Release|Any CPU
		{A80CBA2A-C79E-4584-99DA-3F2A32FBB3BA}.Release|Any CPU.Build.0 = Release|Any CPU
		{16BD3144-0BDA-4AA1-945A-6E2D1E95F41F}.Debug|Any CPU.ActiveCfg = Debug|Any CPU
		{16BD3144-0BDA-4AA1-945A-6E2D1E95F41F}.Debug|Any CPU.Build.0 = Debug|Any CPU
		{16BD3144-0BDA-4AA1-945A-6E2D1E95F41F}.Release|Any CPU.ActiveCfg = Release|Any CPU
		{16BD3144-0BDA-4AA1-945A-6E2D1E95F41F}.Release|Any CPU.Build.0 = Release|Any CPU
		{48906C44-C7BD-445A-9B90-94BA3F647764}.Debug|Any CPU.ActiveCfg = Debug|Any CPU
		{48906C44-C7BD-445A-9B90-94BA3F647764}.Debug|Any CPU.Build.0 = Debug|Any CPU
		{48906C44-C7BD-445A-9B90-94BA3F647764}.Release|Any CPU.ActiveCfg = Release|Any CPU
		{48906C44-C7BD-445A-9B90-94BA3F647764}.Release|Any CPU.Build.0 = Release|Any CPU
		{400BEAAF-DC17-4E37-AC26-55731F1D93DD}.Debug|Any CPU.ActiveCfg = Debug|Any CPU
		{400BEAAF-DC17-4E37-AC26-55731F1D93DD}.Debug|Any CPU.Build.0 = Debug|Any CPU
		{400BEAAF-DC17-4E37-AC26-55731F1D93DD}.Release|Any CPU.ActiveCfg = Release|Any CPU
		{400BEAAF-DC17-4E37-AC26-55731F1D93DD}.Release|Any CPU.Build.0 = Release|Any CPU
		{D83D03E7-DD47-4DF6-853D-CD18E3F7A7A9}.Debug|Any CPU.ActiveCfg = Debug|Any CPU
		{D83D03E7-DD47-4DF6-853D-CD18E3F7A7A9}.Debug|Any CPU.Build.0 = Debug|Any CPU
		{D83D03E7-DD47-4DF6-853D-CD18E3F7A7A9}.Release|Any CPU.ActiveCfg = Release|Any CPU
		{D83D03E7-DD47-4DF6-853D-CD18E3F7A7A9}.Release|Any CPU.Build.0 = Release|Any CPU
		{D771AA73-A0DA-4EE4-AF3C-D23836DC4C30}.Debug|Any CPU.ActiveCfg = Debug|Any CPU
		{D771AA73-A0DA-4EE4-AF3C-D23836DC4C30}.Debug|Any CPU.Build.0 = Debug|Any CPU
		{D771AA73-A0DA-4EE4-AF3C-D23836DC4C30}.Release|Any CPU.ActiveCfg = Release|Any CPU
		{D771AA73-A0DA-4EE4-AF3C-D23836DC4C30}.Release|Any CPU.Build.0 = Release|Any CPU
		{8F18236D-4E90-4C49-B64A-AE35CA09B914}.Debug|Any CPU.ActiveCfg = Debug|Any CPU
		{8F18236D-4E90-4C49-B64A-AE35CA09B914}.Debug|Any CPU.Build.0 = Debug|Any CPU
		{8F18236D-4E90-4C49-B64A-AE35CA09B914}.Release|Any CPU.ActiveCfg = Release|Any CPU
		{8F18236D-4E90-4C49-B64A-AE35CA09B914}.Release|Any CPU.Build.0 = Release|Any CPU
		{A55EAC97-667D-48ED-B450-59EC18C4A30B}.Debug|Any CPU.ActiveCfg = Debug|Any CPU
		{A55EAC97-667D-48ED-B450-59EC18C4A30B}.Debug|Any CPU.Build.0 = Debug|Any CPU
		{A55EAC97-667D-48ED-B450-59EC18C4A30B}.Release|Any CPU.ActiveCfg = Release|Any CPU
		{A55EAC97-667D-48ED-B450-59EC18C4A30B}.Release|Any CPU.Build.0 = Release|Any CPU
		{9DFA5558-E24D-4ED2-9A36-C90E307E144E}.Debug|Any CPU.ActiveCfg = Debug|Any CPU
		{9DFA5558-E24D-4ED2-9A36-C90E307E144E}.Debug|Any CPU.Build.0 = Debug|Any CPU
		{9DFA5558-E24D-4ED2-9A36-C90E307E144E}.Release|Any CPU.ActiveCfg = Release|Any CPU
		{9DFA5558-E24D-4ED2-9A36-C90E307E144E}.Release|Any CPU.Build.0 = Release|Any CPU
		{BC2B65F2-CAC1-4447-8F7C-A2D9F685ABC8}.Debug|Any CPU.ActiveCfg = Debug|Any CPU
		{BC2B65F2-CAC1-4447-8F7C-A2D9F685ABC8}.Debug|Any CPU.Build.0 = Debug|Any CPU
		{BC2B65F2-CAC1-4447-8F7C-A2D9F685ABC8}.Release|Any CPU.ActiveCfg = Release|Any CPU
		{BC2B65F2-CAC1-4447-8F7C-A2D9F685ABC8}.Release|Any CPU.Build.0 = Release|Any CPU
		{D89FC638-450A-40D2-9D89-99F1EBDDC61A}.Debug|Any CPU.ActiveCfg = Debug|Any CPU
		{D89FC638-450A-40D2-9D89-99F1EBDDC61A}.Debug|Any CPU.Build.0 = Debug|Any CPU
		{D89FC638-450A-40D2-9D89-99F1EBDDC61A}.Release|Any CPU.ActiveCfg = Release|Any CPU
		{D89FC638-450A-40D2-9D89-99F1EBDDC61A}.Release|Any CPU.Build.0 = Release|Any CPU
		{DE8BFDB5-9DEB-467D-B680-CE584BB938ED}.Debug|Any CPU.ActiveCfg = Debug|Any CPU
		{DE8BFDB5-9DEB-467D-B680-CE584BB938ED}.Debug|Any CPU.Build.0 = Debug|Any CPU
		{DE8BFDB5-9DEB-467D-B680-CE584BB938ED}.Release|Any CPU.ActiveCfg = Release|Any CPU
		{DE8BFDB5-9DEB-467D-B680-CE584BB938ED}.Release|Any CPU.Build.0 = Release|Any CPU
		{1D983180-90F4-46E7-B986-24437F10A526}.Debug|Any CPU.ActiveCfg = Debug|Any CPU
		{1D983180-90F4-46E7-B986-24437F10A526}.Debug|Any CPU.Build.0 = Debug|Any CPU
		{1D983180-90F4-46E7-B986-24437F10A526}.Release|Any CPU.ActiveCfg = Release|Any CPU
		{1D983180-90F4-46E7-B986-24437F10A526}.Release|Any CPU.Build.0 = Release|Any CPU
		{F8637956-4CA7-4D49-91C2-B54183471BC9}.Debug|Any CPU.ActiveCfg = Debug|Any CPU
		{F8637956-4CA7-4D49-91C2-B54183471BC9}.Debug|Any CPU.Build.0 = Debug|Any CPU
		{F8637956-4CA7-4D49-91C2-B54183471BC9}.Release|Any CPU.ActiveCfg = Release|Any CPU
		{F8637956-4CA7-4D49-91C2-B54183471BC9}.Release|Any CPU.Build.0 = Release|Any CPU
		{C88B5D5C-935A-45D9-A420-EFE080853328}.Debug|Any CPU.ActiveCfg = Debug|Any CPU
		{C88B5D5C-935A-45D9-A420-EFE080853328}.Debug|Any CPU.Build.0 = Debug|Any CPU
		{C88B5D5C-935A-45D9-A420-EFE080853328}.Release|Any CPU.ActiveCfg = Release|Any CPU
		{C88B5D5C-935A-45D9-A420-EFE080853328}.Release|Any CPU.Build.0 = Release|Any CPU
	EndGlobalSection
	GlobalSection(SolutionProperties) = preSolution
		HideSolutionNode = FALSE
	EndGlobalSection
	GlobalSection(NestedProjects) = preSolution
		{5B498DDF-BC56-4F43-B136-A95ADBEE43CC} = {4692B606-BA50-464B-A917-6E9CA1D39401}
		{A80CBA2A-C79E-4584-99DA-3F2A32FBB3BA} = {4692B606-BA50-464B-A917-6E9CA1D39401}
		{16BD3144-0BDA-4AA1-945A-6E2D1E95F41F} = {4692B606-BA50-464B-A917-6E9CA1D39401}
		{48906C44-C7BD-445A-9B90-94BA3F647764} = {4692B606-BA50-464B-A917-6E9CA1D39401}
		{400BEAAF-DC17-4E37-AC26-55731F1D93DD} = {4692B606-BA50-464B-A917-6E9CA1D39401}
		{D83D03E7-DD47-4DF6-853D-CD18E3F7A7A9} = {09A25520-45BC-462D-976A-4DB7A9C47DF7}
		{D771AA73-A0DA-4EE4-AF3C-D23836DC4C30} = {09A25520-45BC-462D-976A-4DB7A9C47DF7}
		{8F18236D-4E90-4C49-B64A-AE35CA09B914} = {09A25520-45BC-462D-976A-4DB7A9C47DF7}
		{A55EAC97-667D-48ED-B450-59EC18C4A30B} = {09A25520-45BC-462D-976A-4DB7A9C47DF7}
		{9DFA5558-E24D-4ED2-9A36-C90E307E144E} = {09A25520-45BC-462D-976A-4DB7A9C47DF7}
		{BC2B65F2-CAC1-4447-8F7C-A2D9F685ABC8} = {09A25520-45BC-462D-976A-4DB7A9C47DF7}
		{D89FC638-450A-40D2-9D89-99F1EBDDC61A} = {09A25520-45BC-462D-976A-4DB7A9C47DF7}
		{DE8BFDB5-9DEB-467D-B680-CE584BB938ED} = {09A25520-45BC-462D-976A-4DB7A9C47DF7}
		{1D983180-90F4-46E7-B986-24437F10A526} = {09A25520-45BC-462D-976A-4DB7A9C47DF7}
		{F8637956-4CA7-4D49-91C2-B54183471BC9} = {09A25520-45BC-462D-976A-4DB7A9C47DF7}
		{C88B5D5C-935A-45D9-A420-EFE080853328} = {1A82A1FF-86D3-443C-AEC5-FEE52AEC0080}
	EndGlobalSection
	GlobalSection(ExtensibilityGlobals) = postSolution
		SolutionGuid = {7A7A2F73-9FFF-49B0-A857-48A49F229847}
	EndGlobalSection
EndGlobal
